
Microsoft Visual Studio Solution File, Format Version 12.00
# Visual Studio Version 16
VisualStudioVersion = 16.0.30524.135
MinimumVisualStudioVersion = 10.0.40219.1
Project("{8BC9CEB8-8B4A-11D0-8D11-00A0C91BC942}") = "WinD3D12", "WinD3D12\WinD3D12.vcxproj", "{95F30E29-C1DC-459F-8115-8BE6D05940E6}"
EndProject
Project("{8BC9CEB8-8B4A-11D0-8D11-00A0C91BC942}") = "WebGPUWinRT", "WebGPUWinRT\WebGPUWinRT.vcxproj", "{F4791FAC-7ACA-4D87-985A-070FCC077D5E}"
EndProject
Global
	GlobalSection(SolutionConfigurationPlatforms) = preSolution
		Debug|ARM = Debug|ARM
		Debug|ARM64 = Debug|ARM64
		Debug|x64 = Debug|x64
		Debug|x86 = Debug|x86
		Release|ARM = Release|ARM
		Release|ARM64 = Release|ARM64
		Release|x64 = Release|x64
		Release|x86 = Release|x86
	EndGlobalSection
	GlobalSection(ProjectConfigurationPlatforms) = postSolution
		{95F30E29-C1DC-459F-8115-8BE6D05940E6}.Debug|ARM.ActiveCfg = Debug|ARM
		{95F30E29-C1DC-459F-8115-8BE6D05940E6}.Debug|ARM.Build.0 = Debug|ARM
		{95F30E29-C1DC-459F-8115-8BE6D05940E6}.Debug|ARM.Deploy.0 = Debug|ARM
		{95F30E29-C1DC-459F-8115-8BE6D05940E6}.Debug|ARM64.ActiveCfg = Debug|ARM64
		{95F30E29-C1DC-459F-8115-8BE6D05940E6}.Debug|ARM64.Build.0 = Debug|ARM64
		{95F30E29-C1DC-459F-8115-8BE6D05940E6}.Debug|ARM64.Deploy.0 = Debug|ARM64
		{95F30E29-C1DC-459F-8115-8BE6D05940E6}.Debug|x64.ActiveCfg = Debug|x64
		{95F30E29-C1DC-459F-8115-8BE6D05940E6}.Debug|x64.Build.0 = Debug|x64
		{95F30E29-C1DC-459F-8115-8BE6D05940E6}.Debug|x64.Deploy.0 = Debug|x64
		{95F30E29-C1DC-459F-8115-8BE6D05940E6}.Debug|x86.ActiveCfg = Debug|Win32
		{95F30E29-C1DC-459F-8115-8BE6D05940E6}.Debug|x86.Build.0 = Debug|Win32
		{95F30E29-C1DC-459F-8115-8BE6D05940E6}.Debug|x86.Deploy.0 = Debug|Win32
		{95F30E29-C1DC-459F-8115-8BE6D05940E6}.Release|ARM.ActiveCfg = Release|ARM
		{95F30E29-C1DC-459F-8115-8BE6D05940E6}.Release|ARM.Build.0 = Release|ARM
		{95F30E29-C1DC-459F-8115-8BE6D05940E6}.Release|ARM.Deploy.0 = Release|ARM
		{95F30E29-C1DC-459F-8115-8BE6D05940E6}.Release|ARM64.ActiveCfg = Release|ARM64
		{95F30E29-C1DC-459F-8115-8BE6D05940E6}.Release|ARM64.Build.0 = Release|ARM64
		{95F30E29-C1DC-459F-8115-8BE6D05940E6}.Release|ARM64.Deploy.0 = Release|ARM64
		{95F30E29-C1DC-459F-8115-8BE6D05940E6}.Release|x64.ActiveCfg = Release|x64
		{95F30E29-C1DC-459F-8115-8BE6D05940E6}.Release|x64.Build.0 = Release|x64
		{95F30E29-C1DC-459F-8115-8BE6D05940E6}.Release|x64.Deploy.0 = Release|x64
		{95F30E29-C1DC-459F-8115-8BE6D05940E6}.Release|x86.ActiveCfg = Release|Win32
		{95F30E29-C1DC-459F-8115-8BE6D05940E6}.Release|x86.Build.0 = Release|Win32
		{95F30E29-C1DC-459F-8115-8BE6D05940E6}.Release|x86.Deploy.0 = Release|Win32
		{F4791FAC-7ACA-4D87-985A-070FCC077D5E}.Debug|ARM.ActiveCfg = Debug|ARM
		{F4791FAC-7ACA-4D87-985A-070FCC077D5E}.Debug|ARM.Build.0 = Debug|ARM
		{F4791FAC-7ACA-4D87-985A-070FCC077D5E}.Debug|ARM64.ActiveCfg = Debug|Win32
		{F4791FAC-7ACA-4D87-985A-070FCC077D5E}.Debug|x64.ActiveCfg = Debug|x64
		{F4791FAC-7ACA-4D87-985A-070FCC077D5E}.Debug|x64.Build.0 = Debug|x64
		{F4791FAC-7ACA-4D87-985A-070FCC077D5E}.Debug|x86.ActiveCfg = Debug|Win32
		{F4791FAC-7ACA-4D87-985A-070FCC077D5E}.Debug|x86.Build.0 = Debug|Win32
		{F4791FAC-7ACA-4D87-985A-070FCC077D5E}.Release|ARM.ActiveCfg = Release|ARM
		{F4791FAC-7ACA-4D87-985A-070FCC077D5E}.Release|ARM.Build.0 = Release|ARM
		{F4791FAC-7ACA-4D87-985A-070FCC077D5E}.Release|ARM64.ActiveCfg = Release|Win32
		{F4791FAC-7ACA-4D87-985A-070FCC077D5E}.Release|x64.ActiveCfg = Release|x64
		{F4791FAC-7ACA-4D87-985A-070FCC077D5E}.Release|x64.Build.0 = Release|x64
		{F4791FAC-7ACA-4D87-985A-070FCC077D5E}.Release|x86.ActiveCfg = Release|Win32
		{F4791FAC-7ACA-4D87-985A-070FCC077D5E}.Release|x86.Build.0 = Release|Win32
	EndGlobalSection
	GlobalSection(SolutionProperties) = preSolution
		HideSolutionNode = FALSE
	EndGlobalSection
	GlobalSection(ExtensibilityGlobals) = postSolution
		SolutionGuid = {985B44FE-BD4A-4F7B-9282-763655FA9586}
	EndGlobalSection
EndGlobal
