<?xml version="1.0" encoding="utf-8"?>
<Project ToolsVersion="4.0" xmlns="http://schemas.microsoft.com/developer/msbuild/2003">
  <ItemGroup>
    <ClCompile Include="EntryMain.cpp">
      <Filter>Source Code</Filter>
    </ClCompile>
    <ClCompile Include="pch.cpp">
      <Filter>Source Code</Filter>
    </ClCompile>
    <ClCompile Include="App.cpp">
      <Filter>Source Code</Filter>
    </ClCompile>
    <ClCompile Include="D3D12WRT.cpp">
      <Filter>Source Code\Engine\Graphics</Filter>
    </ClCompile>
    <ClCompile Include="DawnAdapter.cpp">
      <Filter>Source Code\Engine\Graphics</Filter>
    </ClCompile>
  </ItemGroup>
  <ItemGroup>
    <Image Include="Assets\Wide310x150Logo.scale-200.png">
      <Filter>Assets</Filter>
    </Image>
    <Image Include="Assets\StoreLogo.png">
      <Filter>Assets</Filter>
    </Image>
    <Image Include="Assets\Square150x150Logo.scale-200.png">
      <Filter>Assets</Filter>
    </Image>
    <Image Include="Assets\Square44x44Logo.targetsize-24_altform-unplated.png">
      <Filter>Assets</Filter>
    </Image>
    <Image Include="Assets\Square44x44Logo.scale-200.png">
      <Filter>Assets</Filter>
    </Image>
    <Image Include="Assets\SplashScreen.scale-200.png">
      <Filter>Assets</Filter>
    </Image>
    <Image Include="Assets\LockScreenLogo.scale-200.png">
      <Filter>Assets</Filter>
    </Image>
  </ItemGroup>
  <ItemGroup>
    <Filter Include="Assets">
      <UniqueIdentifier>{db9086fe-bacc-4437-8272-1aa6642082db}</UniqueIdentifier>
    </Filter>
    <Filter Include="Source Code">
      <UniqueIdentifier>{bd64b7b5-6d5d-4176-9829-4ba5e436320b}</UniqueIdentifier>
    </Filter>
    <Filter Include="Header Modules">
      <UniqueIdentifier>{6425f748-c4ee-41ff-978c-42e42364425a}</UniqueIdentifier>
    </Filter>
    <Filter Include="Resources">
      <UniqueIdentifier>{88b025ef-aaa6-4ea1-970e-ca31652c4292}</UniqueIdentifier>
    </Filter>
    <Filter Include="Source Code\Engine">
      <UniqueIdentifier>{e93e48f1-42cb-4600-b3b8-d2403da266c1}</UniqueIdentifier>
    </Filter>
    <Filter Include="Header Modules\Engine">
      <UniqueIdentifier>{2f856941-65cd-4bad-bc20-b8ceb263a89d}</UniqueIdentifier>
    </Filter>
    <Filter Include="Shared">
      <UniqueIdentifier>{8abe55ab-aeaa-4248-85bb-6b44aad8a4dc}</UniqueIdentifier>
    </Filter>
    <Filter Include="Shared\Dawn">
      <UniqueIdentifier>{6ee9207f-a116-4c9e-894d-79ff52accd05}</UniqueIdentifier>
    </Filter>
    <Filter Include="Shared\Dawn_native">
      <UniqueIdentifier>{499eaa26-c723-49d6-96d2-dedeffa877d0}</UniqueIdentifier>
    </Filter>
    <Filter Include="Source Code\Engine\Graphics">
      <UniqueIdentifier>{015de57a-3908-4962-bee0-17b7ef16c405}</UniqueIdentifier>
    </Filter>
    <Filter Include="Header Modules\Engine\Graphics">
      <UniqueIdentifier>{eda634b4-dac6-4fc0-8610-5db609a07abb}</UniqueIdentifier>
    </Filter>
  </ItemGroup>
  <ItemGroup>
    <None Include="packages.config">
      <Filter>Resources</Filter>
    </None>
    <None Include="PropertySheet.props">
      <Filter>Resources</Filter>
    </None>
  </ItemGroup>
  <ItemGroup>
    <AppxManifest Include="Package.appxmanifest">
      <Filter>Resources</Filter>
    </AppxManifest>
  </ItemGroup>
  <ItemGroup>
    <Text Include="readme.txt">
      <Filter>Resources</Filter>
    </Text>
  </ItemGroup>
  <ItemGroup>
    <ClInclude Include="pch.h">
      <Filter>Header Modules</Filter>
    </ClInclude>
    <ClInclude Include="App.h">
      <Filter>Header Modules</Filter>
    </ClInclude>
    <ClInclude Include="VeritasEngine.h">
      <Filter>Header Modules\Engine</Filter>
    </ClInclude>
    <ClInclude Include="..\Shared\Dawn\include\dawn_native\D3D12Backend.h">
      <Filter>Shared\Dawn_native</Filter>
    </ClInclude>
    <ClInclude Include="..\Shared\Dawn\include\dawn_native\dawn_native_export.h">
      <Filter>Shared\Dawn_native</Filter>
    </ClInclude>
    <ClInclude Include="..\Shared\Dawn\include\dawn_native\DawnNative.h">
      <Filter>Shared\Dawn_native</Filter>
    </ClInclude>
    <ClInclude Include="..\Shared\Dawn\include\dawn_native\MetalBackend.h">
      <Filter>Shared\Dawn_native</Filter>
    </ClInclude>
    <ClInclude Include="..\Shared\Dawn\include\dawn_native\NullBackend.h">
      <Filter>Shared\Dawn_native</Filter>
    </ClInclude>
    <ClInclude Include="..\Shared\Dawn\include\dawn_native\OpenGLBackend.h">
      <Filter>Shared\Dawn_native</Filter>
    </ClInclude>
    <ClInclude Include="..\Shared\Dawn\include\dawn_native\VulkanBackend.h">
      <Filter>Shared\Dawn_native</Filter>
    </ClInclude>
    <ClInclude Include="WinSetup.h">
      <Filter>Header Modules\Engine</Filter>
    </ClInclude>
    <ClInclude Include="D3D12WRT.h">
      <Filter>Header Modules\Engine\Graphics</Filter>
    </ClInclude>
    <ClInclude Include="..\Shared\Dawn\include\dawn\dawn_proc.h">
      <Filter>Shared\Dawn</Filter>
    </ClInclude>
    <ClInclude Include="..\Shared\Dawn\include\dawn\dawn_proc_table.h">
      <Filter>Shared\Dawn</Filter>
    </ClInclude>
    <ClInclude Include="..\Shared\Dawn\include\dawn\dawn_wsi.h">
      <Filter>Shared\Dawn</Filter>
    </ClInclude>
    <ClInclude Include="..\Shared\Dawn\include\dawn\EnumClassBitmasks.h">
      <Filter>Shared\Dawn</Filter>
    </ClInclude>
    <ClInclude Include="..\Shared\Dawn\include\dawn\webgpu.h">
      <Filter>Shared\Dawn</Filter>
    </ClInclude>
    <ClInclude Include="..\Shared\Dawn\include\dawn\webgpu_cpp.h">
      <Filter>Shared\Dawn</Filter>
    </ClInclude>
    <ClInclude Include="DawnAdapter.h">
      <Filter>Header Modules\Engine\Graphics</Filter>
    </ClInclude>
  </ItemGroup>
</Project>