<?xml version="1.0" encoding="utf-8"?>
<Project ToolsVersion="4.0" xmlns="http://schemas.microsoft.com/developer/msbuild/2003">
  <ItemGroup>
    <ClCompile Include="EntryMain.cpp">
      <Filter>Source Code</Filter>
    </ClCompile>
    <ClCompile Include="pch.cpp">
      <Filter>Source Code</Filter>
    </ClCompile>
    <ClCompile Include="App.cpp">
      <Filter>Source Code</Filter>
    </ClCompile>
  </ItemGroup>
  <ItemGroup>
    <Image Include="Assets\Wide310x150Logo.scale-200.png">
      <Filter>Assets</Filter>
    </Image>
    <Image Include="Assets\StoreLogo.png">
      <Filter>Assets</Filter>
    </Image>
    <Image Include="Assets\Square150x150Logo.scale-200.png">
      <Filter>Assets</Filter>
    </Image>
    <Image Include="Assets\Square44x44Logo.targetsize-24_altform-unplated.png">
      <Filter>Assets</Filter>
    </Image>
    <Image Include="Assets\Square44x44Logo.scale-200.png">
      <Filter>Assets</Filter>
    </Image>
    <Image Include="Assets\SplashScreen.scale-200.png">
      <Filter>Assets</Filter>
    </Image>
    <Image Include="Assets\LockScreenLogo.scale-200.png">
      <Filter>Assets</Filter>
    </Image>
  </ItemGroup>
  <ItemGroup>
    <Filter Include="Assets">
      <UniqueIdentifier>{db9086fe-bacc-4437-8272-1aa6642082db}</UniqueIdentifier>
    </Filter>
    <Filter Include="Source Code">
      <UniqueIdentifier>{bd64b7b5-6d5d-4176-9829-4ba5e436320b}</UniqueIdentifier>
    </Filter>
    <Filter Include="Header Modules">
      <UniqueIdentifier>{6425f748-c4ee-41ff-978c-42e42364425a}</UniqueIdentifier>
    </Filter>
    <Filter Include="Resources">
      <UniqueIdentifier>{88b025ef-aaa6-4ea1-970e-ca31652c4292}</UniqueIdentifier>
    </Filter>
    <Filter Include="Source Code\Engine">
      <UniqueIdentifier>{e93e48f1-42cb-4600-b3b8-d2403da266c1}</UniqueIdentifier>
    </Filter>
    <Filter Include="Header Modules\Engine">
      <UniqueIdentifier>{2f856941-65cd-4bad-bc20-b8ceb263a89d}</UniqueIdentifier>
    </Filter>
  </ItemGroup>
  <ItemGroup>
    <None Include="packages.config">
      <Filter>Resources</Filter>
    </None>
    <None Include="PropertySheet.props">
      <Filter>Resources</Filter>
    </None>
  </ItemGroup>
  <ItemGroup>
    <AppxManifest Include="Package.appxmanifest">
      <Filter>Resources</Filter>
    </AppxManifest>
  </ItemGroup>
  <ItemGroup>
    <Text Include="readme.txt">
      <Filter>Resources</Filter>
    </Text>
  </ItemGroup>
  <ItemGroup>
    <ClInclude Include="pch.h">
      <Filter>Header Modules</Filter>
    </ClInclude>
    <ClInclude Include="App.h">
      <Filter>Header Modules</Filter>
    </ClInclude>
    <ClInclude Include="VeritasEngine.h">
      <Filter>Header Modules\Engine</Filter>
    </ClInclude>
  </ItemGroup>
</Project>